
Microsoft Visual Studio Solution File, Format Version 12.00
# Visual Studio Version 16
VisualStudioVersion = 16.0.29728.190
MinimumVisualStudioVersion = 10.0.40219.1
Project("{9A19103F-16F7-4668-BE54-9A1E7A4F7556}") = "MedicineTracker", "MedicineTracker\MedicineTracker.csproj", "{1F254830-8EE0-467D-8FCF-8E42D0F989A9}"
EndProject
Project("{FAE04EC0-301F-11D3-BF4B-00C04F79EFBC}") = "MedicineTracker.API", "MedicineTracker.API\MedicineTracker.API.csproj", "{0EFFC2A3-192A-41E8-8C51-2AE01CD291F8}"
EndProject
Project("{FAE04EC0-301F-11D3-BF4B-00C04F79EFBC}") = "MedicineTracker.API.UnitTests", "MedicineTracker.API.UnitTests\MedicineTracker.API.UnitTests.csproj", "{3D7EBE94-0C30-4F56-BCD7-7E442CFFF307}"
EndProject
Global
	GlobalSection(SolutionConfigurationPlatforms) = preSolution
		Debug|Any CPU = Debug|Any CPU
		Release|Any CPU = Release|Any CPU
	EndGlobalSection
	GlobalSection(ProjectConfigurationPlatforms) = postSolution
		{1F254830-8EE0-467D-8FCF-8E42D0F989A9}.Debug|Any CPU.ActiveCfg = Debug|Any CPU
		{1F254830-8EE0-467D-8FCF-8E42D0F989A9}.Debug|Any CPU.Build.0 = Debug|Any CPU
		{1F254830-8EE0-467D-8FCF-8E42D0F989A9}.Release|Any CPU.ActiveCfg = Release|Any CPU
		{1F254830-8EE0-467D-8FCF-8E42D0F989A9}.Release|Any CPU.Build.0 = Release|Any CPU
		{0EFFC2A3-192A-41E8-8C51-2AE01CD291F8}.Debug|Any CPU.ActiveCfg = Debug|Any CPU
		{0EFFC2A3-192A-41E8-8C51-2AE01CD291F8}.Debug|Any CPU.Build.0 = Debug|Any CPU
		{0EFFC2A3-192A-41E8-8C51-2AE01CD291F8}.Release|Any CPU.ActiveCfg = Release|Any CPU
		{0EFFC2A3-192A-41E8-8C51-2AE01CD291F8}.Release|Any CPU.Build.0 = Release|Any CPU
		{3D7EBE94-0C30-4F56-BCD7-7E442CFFF307}.Debug|Any CPU.ActiveCfg = Debug|Any CPU
		{3D7EBE94-0C30-4F56-BCD7-7E442CFFF307}.Debug|Any CPU.Build.0 = Debug|Any CPU
		{3D7EBE94-0C30-4F56-BCD7-7E442CFFF307}.Release|Any CPU.ActiveCfg = Release|Any CPU
		{3D7EBE94-0C30-4F56-BCD7-7E442CFFF307}.Release|Any CPU.Build.0 = Release|Any CPU
	EndGlobalSection
	GlobalSection(SolutionProperties) = preSolution
		HideSolutionNode = FALSE
	EndGlobalSection
	GlobalSection(ExtensibilityGlobals) = postSolution
		SolutionGuid = {F8F1356F-B810-40BA-8864-E8DC34EA0E43}
	EndGlobalSection
EndGlobal
